
Microsoft Visual Studio Solution File, Format Version 12.00
# Visual Studio Version 17
VisualStudioVersion = 17.14.36429.23
MinimumVisualStudioVersion = 10.0.40219.1
Project("{2150E333-8FDC-42A3-9474-1A3956D46DE8}") = "Task0", "Task0", "{02EA681E-C7D8-13C7-8484-4AC65E1B71E8}"
EndProject
Project("{FAE04EC0-301F-11D3-BF4B-00C04F79EFBC}") = "Tyuiu.KadralinovaAT.Sprint0.Task0.V0", "Tyuiu.KadralinovaAT.Sprint0.Task0.V0\Tyuiu.KadralinovaAT.Sprint0.Task0.V0.csproj", "{FAFF7F54-56DF-401B-B6AE-284E2B50DC25}"
EndProject
Project("{2150E333-8FDC-42A3-9474-1A3956D46DE8}") = "Task1", "Task1", "{C8EE9EF7-DFE7-4E06-A7C8-8CD315BA814D}"
EndProject
Project("{FAE04EC0-301F-11D3-BF4B-00C04F79EFBC}") = "Tyuiu.KadralinovaAT.Sprint0.Task1.V0", "Tyuiu.KadralinovaAT.Sprint0.Task1.V0\Tyuiu.KadralinovaAT.Sprint0.Task1.V0.csproj", "{A38AD3DE-D2AE-459E-89F2-602DE1627586}"
EndProject
Project("{2150E333-8FDC-42A3-9474-1A3956D46DE8}") = "Task2", "Task2", "{40F32D88-932F-4D5D-8389-D3F93E205558}"
EndProject
Project("{FAE04EC0-301F-11D3-BF4B-00C04F79EFBC}") = "Tyuiu.KadralinovaAT.Sprint0.Task2.V0", "Tyuiu.KadralinovaAT.Sprint0.Task2.V0\Tyuiu.KadralinovaAT.Sprint0.Task2.V0.csproj", "{5B39105E-886B-4D88-B518-F08DB9D3D803}"
EndProject
Project("{FAE04EC0-301F-11D3-BF4B-00C04F79EFBC}") = "Tyuiu.KadralinovaAT.Sprint0.Task2.V0.Lib", "Tyuiu.KadralinovaAT.Sprint0.Task2.V0.Lib\Tyuiu.KadralinovaAT.Sprint0.Task2.V0.Lib.csproj", "{EAE422B6-F7D4-4E23-ADED-C44C52C328DA}"
EndProject
Project("{FAE04EC0-301F-11D3-BF4B-00C04F79EFBC}") = "Tyuiu.KadralinovaAT.Sprint0.Task2.V0.Test", "Tyuiu.KadralinovaAT.Sprint0.Task2.V0.Test\Tyuiu.KadralinovaAT.Sprint0.Task2.V0.Test.csproj", "{1E45AF6A-7E3F-444F-8C00-8CA93FAABAA6}"
EndProject
Project("{2150E333-8FDC-42A3-9474-1A3956D46DE8}") = "Task3", "Task3", "{AC135230-3757-4F00-A190-7E10BD6EED64}"
EndProject
Project("{FAE04EC0-301F-11D3-BF4B-00C04F79EFBC}") = "Tyuiu.KadralinovaAT.Sprint0.Task3.V0", "Tyuiu.KadralinovaAT.Sprint0.Task3.V0\Tyuiu.KadralinovaAT.Sprint0.Task3.V0.csproj", "{EC52F5AC-D45F-46F1-9730-C78A9B271FA2}"
EndProject
Project("{FAE04EC0-301F-11D3-BF4B-00C04F79EFBC}") = "Tyuiu.KadralinovaAT.Sprint0.Task3.V0.Lib", "Tyuiu.KadralinovaAT.Sprint0.Task3.V0.Lib\Tyuiu.KadralinovaAT.Sprint0.Task3.V0.Lib.csproj", "{A04F2F4B-E9F2-48F7-B233-0894317E6E7D}"
EndProject
Project("{FAE04EC0-301F-11D3-BF4B-00C04F79EFBC}") = "Tyuiu.KadralinovaAT.Sprint0.Task3.V0.Test", "Tyuiu.KadralinovaAT.Sprint0.Task3.V0.Test\Tyuiu.KadralinovaAT.Sprint0.Task3.V0.Test.csproj", "{7C8B63AA-53E9-4A6F-AED3-D5FBB5321E60}"
EndProject
Project("{2150E333-8FDC-42A3-9474-1A3956D46DE8}") = "Task4", "Task4", "{95FE787E-712B-474C-A870-6D5AA35102D0}"
EndProject
Project("{FAE04EC0-301F-11D3-BF4B-00C04F79EFBC}") = "Tyuiu.KadralinovaAT.Sprint0.Task4.V0", "Tyuiu.KadralinovaAT.Sprint0.Task4.V0\Tyuiu.KadralinovaAT.Sprint0.Task4.V0.csproj", "{DDE5E7C4-17F1-46F1-BC11-26CC1D381E4C}"
EndProject
Project("{FAE04EC0-301F-11D3-BF4B-00C04F79EFBC}") = "Tyuiu.KadralinovaAT.Sprint0.Task4.V0.Lib", "Tyuiu.KadralinovaAT.Sprint0.Task4.V0.Lib\Tyuiu.KadralinovaAT.Sprint0.Task4.V0.Lib.csproj", "{C8B6441F-31B8-4973-ACF7-4FB82E1132DA}"
EndProject
Project("{FAE04EC0-301F-11D3-BF4B-00C04F79EFBC}") = "Tyuiu.KadralinovaAT.Sprint0.Task4.V0.Test", "Tyuiu.KadralinovaAT.Sprint0.Task4.V0.Test\Tyuiu.KadralinovaAT.Sprint0.Task4.V0.Test.csproj", "{B0B0A465-3957-468F-9638-99A1988FE105}"
EndProject
Project("{2150E333-8FDC-42A3-9474-1A3956D46DE8}") = "Task5", "Task5", "{79F5F22D-C2D1-4F6C-A74F-9262E8360000}"
EndProject
Project("{FAE04EC0-301F-11D3-BF4B-00C04F79EFBC}") = "Tyuiu.KadralinovaAT.Sprint0.Task5.V0", "Tyuiu.KadralinovaAT.Sprint0.Task5.V0\Tyuiu.KadralinovaAT.Sprint0.Task5.V0.csproj", "{9B3E8589-B79F-480E-9761-BDFF6D02D557}"
EndProject
Project("{FAE04EC0-301F-11D3-BF4B-00C04F79EFBC}") = "Tyuiu.KadralinovaAT.Sprint0.Task5.V0.Lib", "Tyuiu.KadralinovaAT.Sprint0.Task5.V0.Lib\Tyuiu.KadralinovaAT.Sprint0.Task5.V0.Lib.csproj", "{F890C1A9-A429-4D5F-8825-8E4A186A92E3}"
EndProject
Project("{FAE04EC0-301F-11D3-BF4B-00C04F79EFBC}") = "Tyuiu.KadralinovaAT.Sprint0.Task5.V0.Test", "Tyuiu.KadralinovaAT.Sprint0.Task5.V0.Test\Tyuiu.KadralinovaAT.Sprint0.Task5.V0.Test.csproj", "{0184CAD4-CAB1-4C4D-9CA9-93C8782E4977}"
EndProject
Project("{2150E333-8FDC-42A3-9474-1A3956D46DE8}") = "Task6", "Task6", "{B3AEEA78-6AF4-47B6-B455-D53016B2BC60}"
EndProject
Project("{FAE04EC0-301F-11D3-BF4B-00C04F79EFBC}") = "Tyuiu.KadralinovaAT.Sprint0.Task6.V0", "Tyuiu.KadralinovaAT.Sprint0.Task6.V0\Tyuiu.KadralinovaAT.Sprint0.Task6.V0.csproj", "{4E8F7ADB-66CC-4FE5-BA95-CFEA8DBB38A8}"
EndProject
Project("{FAE04EC0-301F-11D3-BF4B-00C04F79EFBC}") = "Tyuiu.KadralinovaAT.Sprint0.Task6.V0.Lib", "Tyuiu.KadralinovaAT.Sprint0.Task6.V0.Lib\Tyuiu.KadralinovaAT.Sprint0.Task6.V0.Lib.csproj", "{4AEA5B94-60B7-4C84-A3A9-135226A929AC}"
EndProject
Project("{FAE04EC0-301F-11D3-BF4B-00C04F79EFBC}") = "Tyuiu.KadralinovaAT.Sprint0.Task6.V0.Test", "Tyuiu.KadralinovaAT.Sprint0.Task6.V0.Test\Tyuiu.KadralinovaAT.Sprint0.Task6.V0.Test.csproj", "{E8EDB639-F0EF-4FCB-866C-7563B27BB365}"
EndProject
Global
	GlobalSection(SolutionConfigurationPlatforms) = preSolution
		Debug|Any CPU = Debug|Any CPU
		Release|Any CPU = Release|Any CPU
	EndGlobalSection
	GlobalSection(ProjectConfigurationPlatforms) = postSolution
		{FAFF7F54-56DF-401B-B6AE-284E2B50DC25}.Debug|Any CPU.ActiveCfg = Debug|Any CPU
		{FAFF7F54-56DF-401B-B6AE-284E2B50DC25}.Debug|Any CPU.Build.0 = Debug|Any CPU
		{FAFF7F54-56DF-401B-B6AE-284E2B50DC25}.Release|Any CPU.ActiveCfg = Release|Any CPU
		{FAFF7F54-56DF-401B-B6AE-284E2B50DC25}.Release|Any CPU.Build.0 = Release|Any CPU
		{A38AD3DE-D2AE-459E-89F2-602DE1627586}.Debug|Any CPU.ActiveCfg = Debug|Any CPU
		{A38AD3DE-D2AE-459E-89F2-602DE1627586}.Debug|Any CPU.Build.0 = Debug|Any CPU
		{A38AD3DE-D2AE-459E-89F2-602DE1627586}.Release|Any CPU.ActiveCfg = Release|Any CPU
		{A38AD3DE-D2AE-459E-89F2-602DE1627586}.Release|Any CPU.Build.0 = Release|Any CPU
		{5B39105E-886B-4D88-B518-F08DB9D3D803}.Debug|Any CPU.ActiveCfg = Debug|Any CPU
		{5B39105E-886B-4D88-B518-F08DB9D3D803}.Debug|Any CPU.Build.0 = Debug|Any CPU
		{5B39105E-886B-4D88-B518-F08DB9D3D803}.Release|Any CPU.ActiveCfg = Release|Any CPU
		{5B39105E-886B-4D88-B518-F08DB9D3D803}.Release|Any CPU.Build.0 = Release|Any CPU
		{EAE422B6-F7D4-4E23-ADED-C44C52C328DA}.Debug|Any CPU.ActiveCfg = Debug|Any CPU
		{EAE422B6-F7D4-4E23-ADED-C44C52C328DA}.Debug|Any CPU.Build.0 = Debug|Any CPU
		{EAE422B6-F7D4-4E23-ADED-C44C52C328DA}.Release|Any CPU.ActiveCfg = Release|Any CPU
		{EAE422B6-F7D4-4E23-ADED-C44C52C328DA}.Release|Any CPU.Build.0 = Release|Any CPU
		{1E45AF6A-7E3F-444F-8C00-8CA93FAABAA6}.Debug|Any CPU.ActiveCfg = Debug|Any CPU
		{1E45AF6A-7E3F-444F-8C00-8CA93FAABAA6}.Debug|Any CPU.Build.0 = Debug|Any CPU
		{1E45AF6A-7E3F-444F-8C00-8CA93FAABAA6}.Release|Any CPU.ActiveCfg = Release|Any CPU
		{1E45AF6A-7E3F-444F-8C00-8CA93FAABAA6}.Release|Any CPU.Build.0 = Release|Any CPU
		{EC52F5AC-D45F-46F1-9730-C78A9B271FA2}.Debug|Any CPU.ActiveCfg = Debug|Any CPU
		{EC52F5AC-D45F-46F1-9730-C78A9B271FA2}.Debug|Any CPU.Build.0 = Debug|Any CPU
		{EC52F5AC-D45F-46F1-9730-C78A9B271FA2}.Release|Any CPU.ActiveCfg = Release|Any CPU
		{EC52F5AC-D45F-46F1-9730-C78A9B271FA2}.Release|Any CPU.Build.0 = Release|Any CPU
		{A04F2F4B-E9F2-48F7-B233-0894317E6E7D}.Debug|Any CPU.ActiveCfg = Debug|Any CPU
		{A04F2F4B-E9F2-48F7-B233-0894317E6E7D}.Debug|Any CPU.Build.0 = Debug|Any CPU
		{A04F2F4B-E9F2-48F7-B233-0894317E6E7D}.Release|Any CPU.ActiveCfg = Release|Any CPU
		{A04F2F4B-E9F2-48F7-B233-0894317E6E7D}.Release|Any CPU.Build.0 = Release|Any CPU
		{7C8B63AA-53E9-4A6F-AED3-D5FBB5321E60}.Debug|Any CPU.ActiveCfg = Debug|Any CPU
		{7C8B63AA-53E9-4A6F-AED3-D5FBB5321E60}.Debug|Any CPU.Build.0 = Debug|Any CPU
		{7C8B63AA-53E9-4A6F-AED3-D5FBB5321E60}.Release|Any CPU.ActiveCfg = Release|Any CPU
		{7C8B63AA-53E9-4A6F-AED3-D5FBB5321E60}.Release|Any CPU.Build.0 = Release|Any CPU
		{DDE5E7C4-17F1-46F1-BC11-26CC1D381E4C}.Debug|Any CPU.ActiveCfg = Debug|Any CPU
		{DDE5E7C4-17F1-46F1-BC11-26CC1D381E4C}.Debug|Any CPU.Build.0 = Debug|Any CPU
		{DDE5E7C4-17F1-46F1-BC11-26CC1D381E4C}.Release|Any CPU.ActiveCfg = Release|Any CPU
		{DDE5E7C4-17F1-46F1-BC11-26CC1D381E4C}.Release|Any CPU.Build.0 = Release|Any CPU
		{C8B6441F-31B8-4973-ACF7-4FB82E1132DA}.Debug|Any CPU.ActiveCfg = Debug|Any CPU
		{C8B6441F-31B8-4973-ACF7-4FB82E1132DA}.Debug|Any CPU.Build.0 = Debug|Any CPU
		{C8B6441F-31B8-4973-ACF7-4FB82E1132DA}.Release|Any CPU.ActiveCfg = Release|Any CPU
		{C8B6441F-31B8-4973-ACF7-4FB82E1132DA}.Release|Any CPU.Build.0 = Release|Any CPU
		{B0B0A465-3957-468F-9638-99A1988FE105}.Debug|Any CPU.ActiveCfg = Debug|Any CPU
		{B0B0A465-3957-468F-9638-99A1988FE105}.Debug|Any CPU.Build.0 = Debug|Any CPU
		{B0B0A465-3957-468F-9638-99A1988FE105}.Release|Any CPU.ActiveCfg = Release|Any CPU
		{B0B0A465-3957-468F-9638-99A1988FE105}.Release|Any CPU.Build.0 = Release|Any CPU
		{9B3E8589-B79F-480E-9761-BDFF6D02D557}.Debug|Any CPU.ActiveCfg = Debug|Any CPU
		{9B3E8589-B79F-480E-9761-BDFF6D02D557}.Debug|Any CPU.Build.0 = Debug|Any CPU
		{9B3E8589-B79F-480E-9761-BDFF6D02D557}.Release|Any CPU.ActiveCfg = Release|Any CPU
		{9B3E8589-B79F-480E-9761-BDFF6D02D557}.Release|Any CPU.Build.0 = Release|Any CPU
		{F890C1A9-A429-4D5F-8825-8E4A186A92E3}.Debug|Any CPU.ActiveCfg = Debug|Any CPU
		{F890C1A9-A429-4D5F-8825-8E4A186A92E3}.Debug|Any CPU.Build.0 = Debug|Any CPU
		{F890C1A9-A429-4D5F-8825-8E4A186A92E3}.Release|Any CPU.ActiveCfg = Release|Any CPU
		{F890C1A9-A429-4D5F-8825-8E4A186A92E3}.Release|Any CPU.Build.0 = Release|Any CPU
		{0184CAD4-CAB1-4C4D-9CA9-93C8782E4977}.Debug|Any CPU.ActiveCfg = Debug|Any CPU
		{0184CAD4-CAB1-4C4D-9CA9-93C8782E4977}.Debug|Any CPU.Build.0 = Debug|Any CPU
		{0184CAD4-CAB1-4C4D-9CA9-93C8782E4977}.Release|Any CPU.ActiveCfg = Release|Any CPU
		{0184CAD4-CAB1-4C4D-9CA9-93C8782E4977}.Release|Any CPU.Build.0 = Release|Any CPU
		{4E8F7ADB-66CC-4FE5-BA95-CFEA8DBB38A8}.Debug|Any CPU.ActiveCfg = Debug|Any CPU
		{4E8F7ADB-66CC-4FE5-BA95-CFEA8DBB38A8}.Debug|Any CPU.Build.0 = Debug|Any CPU
		{4E8F7ADB-66CC-4FE5-BA95-CFEA8DBB38A8}.Release|Any CPU.ActiveCfg = Release|Any CPU
		{4E8F7ADB-66CC-4FE5-BA95-CFEA8DBB38A8}.Release|Any CPU.Build.0 = Release|Any CPU
		{4AEA5B94-60B7-4C84-A3A9-135226A929AC}.Debug|Any CPU.ActiveCfg = Debug|Any CPU
		{4AEA5B94-60B7-4C84-A3A9-135226A929AC}.Debug|Any CPU.Build.0 = Debug|Any CPU
		{4AEA5B94-60B7-4C84-A3A9-135226A929AC}.Release|Any CPU.ActiveCfg = Release|Any CPU
		{4AEA5B94-60B7-4C84-A3A9-135226A929AC}.Release|Any CPU.Build.0 = Release|Any CPU
		{E8EDB639-F0EF-4FCB-866C-7563B27BB365}.Debug|Any CPU.ActiveCfg = Debug|Any CPU
		{E8EDB639-F0EF-4FCB-866C-7563B27BB365}.Debug|Any CPU.Build.0 = Debug|Any CPU
		{E8EDB639-F0EF-4FCB-866C-7563B27BB365}.Release|Any CPU.ActiveCfg = Release|Any CPU
		{E8EDB639-F0EF-4FCB-866C-7563B27BB365}.Release|Any CPU.Build.0 = Release|Any CPU
	EndGlobalSection
	GlobalSection(SolutionProperties) = preSolution
		HideSolutionNode = FALSE
	EndGlobalSection
	GlobalSection(NestedProjects) = preSolution
		{FAFF7F54-56DF-401B-B6AE-284E2B50DC25} = {02EA681E-C7D8-13C7-8484-4AC65E1B71E8}
		{A38AD3DE-D2AE-459E-89F2-602DE1627586} = {C8EE9EF7-DFE7-4E06-A7C8-8CD315BA814D}
		{5B39105E-886B-4D88-B518-F08DB9D3D803} = {40F32D88-932F-4D5D-8389-D3F93E205558}
		{EAE422B6-F7D4-4E23-ADED-C44C52C328DA} = {40F32D88-932F-4D5D-8389-D3F93E205558}
		{1E45AF6A-7E3F-444F-8C00-8CA93FAABAA6} = {40F32D88-932F-4D5D-8389-D3F93E205558}
		{EC52F5AC-D45F-46F1-9730-C78A9B271FA2} = {AC135230-3757-4F00-A190-7E10BD6EED64}
		{A04F2F4B-E9F2-48F7-B233-0894317E6E7D} = {AC135230-3757-4F00-A190-7E10BD6EED64}
		{7C8B63AA-53E9-4A6F-AED3-D5FBB5321E60} = {AC135230-3757-4F00-A190-7E10BD6EED64}
		{DDE5E7C4-17F1-46F1-BC11-26CC1D381E4C} = {95FE787E-712B-474C-A870-6D5AA35102D0}
		{C8B6441F-31B8-4973-ACF7-4FB82E1132DA} = {95FE787E-712B-474C-A870-6D5AA35102D0}
		{B0B0A465-3957-468F-9638-99A1988FE105} = {95FE787E-712B-474C-A870-6D5AA35102D0}
		{9B3E8589-B79F-480E-9761-BDFF6D02D557} = {79F5F22D-C2D1-4F6C-A74F-9262E8360000}
		{F890C1A9-A429-4D5F-8825-8E4A186A92E3} = {79F5F22D-C2D1-4F6C-A74F-9262E8360000}
		{0184CAD4-CAB1-4C4D-9CA9-93C8782E4977} = {79F5F22D-C2D1-4F6C-A74F-9262E8360000}
		{4E8F7ADB-66CC-4FE5-BA95-CFEA8DBB38A8} = {B3AEEA78-6AF4-47B6-B455-D53016B2BC60}
		{4AEA5B94-60B7-4C84-A3A9-135226A929AC} = {B3AEEA78-6AF4-47B6-B455-D53016B2BC60}
		{E8EDB639-F0EF-4FCB-866C-7563B27BB365} = {B3AEEA78-6AF4-47B6-B455-D53016B2BC60}
	EndGlobalSection
	GlobalSection(ExtensibilityGlobals) = postSolution
		SolutionGuid = {92EBBE85-7746-4D77-8D52-62D547C392F3}
	EndGlobalSection
EndGlobal
